{
  "name": "agentic-muses-ag2",
  "lockfileVersion": 3,
  "requires": true,
  "packages": {
    "": {
      "dependencies": {
        "gitbook-plugin-highlight": "^2.0.3",
        "gitbook-plugin-theme-default": "^1.0.7"
      }
    },
    "node_modules/gitbook-plugin-highlight": {
      "version": "2.0.3",
      "resolved": "https://registry.npmjs.org/gitbook-plugin-highlight/-/gitbook-plugin-highlight-2.0.3.tgz",
      "integrity": "sha512-ahyWXKr1WhEYHbiezJD9jydht0+J6BvXrAv0AHzjft+IkFjZt9uYIygQGCJxi/KgyDcmOimWFm9Jv51YE8/4aQ==",
      "license": "Apache 2",
      "dependencies": {
        "highlight.js": "9.8.0"
      },
      "engines": {
        "gitbook": ">=2.4.0"
      }
    },
    "node_modules/gitbook-plugin-theme-default": {
      "version": "1.0.7",
      "resolved": "https://registry.npmjs.org/gitbook-plugin-theme-default/-/gitbook-plugin-theme-default-1.0.7.tgz",
      "integrity": "sha512-vY+8Prz58H6iu6c7KHyOISxapKnwU8P1TWNqOzESFAB40ny9D/R7GpNL2IluicrsDvtI6VfpQeCYQbBniamulw==",
      "license": "Apache-2.0",
      "engines": {
        "gitbook": ">=3.0.0"
      }
    },
    "node_modules/highlight.js": {
      "version": "9.8.0",
      "resolved": "https://registry.npmjs.org/highlight.js/-/highlight.js-9.8.0.tgz",
      "integrity": "sha512-wVMPeK1JZ6AK8+daRQx/65MUJPygjfFfM0WhQq9FBvoShyKAfn9L+fRCudbSpcRg7vxVSqRms7RM4zCK9Ok4Lw==",
      "deprecated": "Version no longer supported. Upgrade to @latest",
      "license": "BSD-3-Clause",
      "engines": {
        "node": "*"
      }
    }
  }
}
